
Microsoft Visual Studio Solution File, Format Version 12.00
# Visual Studio 15
VisualStudioVersion = 15.0.27703.2018
MinimumVisualStudioVersion = 10.0.40219.1
Project("{FAE04EC0-301F-11D3-BF4B-00C04F79EFBC}") = "ThePresident", "Main\ThePresident.csproj", "{83B5B757-EDDC-4E40-97B4-0A18C570569D}"
EndProject
Project("{FAE04EC0-301F-11D3-BF4B-00C04F79EFBC}") = "Module_Event", "Event\Module_Event.csproj", "{8C44D849-C96F-4A72-BA40-2D67727488F4}"
EndProject
Project("{FAE04EC0-301F-11D3-BF4B-00C04F79EFBC}") = "Module_Character", "Character\Module_Character.csproj", "{D10EB179-E4ED-4511-9DE8-C29C2581F796}"
EndProject
Project("{FAE04EC0-301F-11D3-BF4B-00C04F79EFBC}") = "Module_Work", "Module_Work\Module_Work.csproj", "{774655CC-CDB2-4CDB-825A-9B7ACEAB8212}"
EndProject
Project("{FAE04EC0-301F-11D3-BF4B-00C04F79EFBC}") = "Module_UserControl", "Module_UserControl\Module_UserControl.csproj", "{2A96FA10-4568-4AA8-A9F2-43B989EDB9E3}"
EndProject
Project("{FAE04EC0-301F-11D3-BF4B-00C04F79EFBC}") = "Module_GameTime", "Module_GameTime\Module_GameTime.csproj", "{C5943D90-05DB-4FF3-A484-34D0F3C6985F}"
EndProject
Project("{FAE04EC0-301F-11D3-BF4B-00C04F79EFBC}") = "Module_GameOver", "Module_GameOver\Module_GameOver.csproj", "{214F6E24-A414-4442-9EB5-99595B85E6C0}"
EndProject
Project("{FAE04EC0-301F-11D3-BF4B-00C04F79EFBC}") = "Module_Statistics", "Module_Statistics\Module_Statistics.csproj", "{D543D6D2-9F29-493E-82DD-C5CB881EE2B9}"
EndProject
Project("{FAE04EC0-301F-11D3-BF4B-00C04F79EFBC}") = "Module_Training", "Module_Training\Module_Training.csproj", "{DB077FB0-7C2B-4360-9D6D-56138A19F9A6}"
EndProject
Project("{FAE04EC0-301F-11D3-BF4B-00C04F79EFBC}") = "Module_Needs", "Module_Needs\Module_Needs.csproj", "{42FEBEF9-B128-40A4-AA16-6F9F75A6E3B3}"
EndProject
Project("{FAE04EC0-301F-11D3-BF4B-00C04F79EFBC}") = "Module_Business", "Module_Business\Module_Business.csproj", "{27226DEF-4A3C-45F9-9050-9B9A98C03DA7}"
EndProject
Global
	GlobalSection(SolutionConfigurationPlatforms) = preSolution
		Debug|Any CPU = Debug|Any CPU
		Debug|x64 = Debug|x64
		Release|Any CPU = Release|Any CPU
		Release|x64 = Release|x64
	EndGlobalSection
	GlobalSection(ProjectConfigurationPlatforms) = postSolution
		{83B5B757-EDDC-4E40-97B4-0A18C570569D}.Debug|Any CPU.ActiveCfg = Debug|Any CPU
		{83B5B757-EDDC-4E40-97B4-0A18C570569D}.Debug|Any CPU.Build.0 = Debug|Any CPU
		{83B5B757-EDDC-4E40-97B4-0A18C570569D}.Debug|x64.ActiveCfg = Debug|Any CPU
		{83B5B757-EDDC-4E40-97B4-0A18C570569D}.Debug|x64.Build.0 = Debug|Any CPU
		{83B5B757-EDDC-4E40-97B4-0A18C570569D}.Release|Any CPU.ActiveCfg = Release|Any CPU
		{83B5B757-EDDC-4E40-97B4-0A18C570569D}.Release|Any CPU.Build.0 = Release|Any CPU
		{83B5B757-EDDC-4E40-97B4-0A18C570569D}.Release|x64.ActiveCfg = Release|x64
		{83B5B757-EDDC-4E40-97B4-0A18C570569D}.Release|x64.Build.0 = Release|x64
		{8C44D849-C96F-4A72-BA40-2D67727488F4}.Debug|Any CPU.ActiveCfg = Debug|Any CPU
		{8C44D849-C96F-4A72-BA40-2D67727488F4}.Debug|Any CPU.Build.0 = Debug|Any CPU
		{8C44D849-C96F-4A72-BA40-2D67727488F4}.Debug|x64.ActiveCfg = Debug|Any CPU
		{8C44D849-C96F-4A72-BA40-2D67727488F4}.Debug|x64.Build.0 = Debug|Any CPU
		{8C44D849-C96F-4A72-BA40-2D67727488F4}.Release|Any CPU.ActiveCfg = Release|Any CPU
		{8C44D849-C96F-4A72-BA40-2D67727488F4}.Release|Any CPU.Build.0 = Release|Any CPU
		{8C44D849-C96F-4A72-BA40-2D67727488F4}.Release|x64.ActiveCfg = Release|x64
		{8C44D849-C96F-4A72-BA40-2D67727488F4}.Release|x64.Build.0 = Release|x64
		{D10EB179-E4ED-4511-9DE8-C29C2581F796}.Debug|Any CPU.ActiveCfg = Debug|Any CPU
		{D10EB179-E4ED-4511-9DE8-C29C2581F796}.Debug|Any CPU.Build.0 = Debug|Any CPU
		{D10EB179-E4ED-4511-9DE8-C29C2581F796}.Debug|x64.ActiveCfg = Debug|Any CPU
		{D10EB179-E4ED-4511-9DE8-C29C2581F796}.Debug|x64.Build.0 = Debug|Any CPU
		{D10EB179-E4ED-4511-9DE8-C29C2581F796}.Release|Any CPU.ActiveCfg = Release|Any CPU
		{D10EB179-E4ED-4511-9DE8-C29C2581F796}.Release|Any CPU.Build.0 = Release|Any CPU
		{D10EB179-E4ED-4511-9DE8-C29C2581F796}.Release|x64.ActiveCfg = Release|x64
		{D10EB179-E4ED-4511-9DE8-C29C2581F796}.Release|x64.Build.0 = Release|x64
		{774655CC-CDB2-4CDB-825A-9B7ACEAB8212}.Debug|Any CPU.ActiveCfg = Debug|Any CPU
		{774655CC-CDB2-4CDB-825A-9B7ACEAB8212}.Debug|Any CPU.Build.0 = Debug|Any CPU
		{774655CC-CDB2-4CDB-825A-9B7ACEAB8212}.Debug|x64.ActiveCfg = Debug|Any CPU
		{774655CC-CDB2-4CDB-825A-9B7ACEAB8212}.Debug|x64.Build.0 = Debug|Any CPU
		{774655CC-CDB2-4CDB-825A-9B7ACEAB8212}.Release|Any CPU.ActiveCfg = Release|Any CPU
		{774655CC-CDB2-4CDB-825A-9B7ACEAB8212}.Release|Any CPU.Build.0 = Release|Any CPU
		{774655CC-CDB2-4CDB-825A-9B7ACEAB8212}.Release|x64.ActiveCfg = Release|x64
		{774655CC-CDB2-4CDB-825A-9B7ACEAB8212}.Release|x64.Build.0 = Release|x64
		{2A96FA10-4568-4AA8-A9F2-43B989EDB9E3}.Debug|Any CPU.ActiveCfg = Debug|Any CPU
		{2A96FA10-4568-4AA8-A9F2-43B989EDB9E3}.Debug|Any CPU.Build.0 = Debug|Any CPU
		{2A96FA10-4568-4AA8-A9F2-43B989EDB9E3}.Debug|x64.ActiveCfg = Debug|Any CPU
		{2A96FA10-4568-4AA8-A9F2-43B989EDB9E3}.Debug|x64.Build.0 = Debug|Any CPU
		{2A96FA10-4568-4AA8-A9F2-43B989EDB9E3}.Release|Any CPU.ActiveCfg = Release|Any CPU
		{2A96FA10-4568-4AA8-A9F2-43B989EDB9E3}.Release|Any CPU.Build.0 = Release|Any CPU
		{2A96FA10-4568-4AA8-A9F2-43B989EDB9E3}.Release|x64.ActiveCfg = Release|x64
		{2A96FA10-4568-4AA8-A9F2-43B989EDB9E3}.Release|x64.Build.0 = Release|x64
		{C5943D90-05DB-4FF3-A484-34D0F3C6985F}.Debug|Any CPU.ActiveCfg = Debug|Any CPU
		{C5943D90-05DB-4FF3-A484-34D0F3C6985F}.Debug|Any CPU.Build.0 = Debug|Any CPU
		{C5943D90-05DB-4FF3-A484-34D0F3C6985F}.Debug|x64.ActiveCfg = Debug|Any CPU
		{C5943D90-05DB-4FF3-A484-34D0F3C6985F}.Debug|x64.Build.0 = Debug|Any CPU
		{C5943D90-05DB-4FF3-A484-34D0F3C6985F}.Release|Any CPU.ActiveCfg = Release|Any CPU
		{C5943D90-05DB-4FF3-A484-34D0F3C6985F}.Release|Any CPU.Build.0 = Release|Any CPU
		{C5943D90-05DB-4FF3-A484-34D0F3C6985F}.Release|x64.ActiveCfg = Release|x64
		{C5943D90-05DB-4FF3-A484-34D0F3C6985F}.Release|x64.Build.0 = Release|x64
		{214F6E24-A414-4442-9EB5-99595B85E6C0}.Debug|Any CPU.ActiveCfg = Debug|Any CPU
		{214F6E24-A414-4442-9EB5-99595B85E6C0}.Debug|Any CPU.Build.0 = Debug|Any CPU
		{214F6E24-A414-4442-9EB5-99595B85E6C0}.Debug|x64.ActiveCfg = Debug|Any CPU
		{214F6E24-A414-4442-9EB5-99595B85E6C0}.Debug|x64.Build.0 = Debug|Any CPU
		{214F6E24-A414-4442-9EB5-99595B85E6C0}.Release|Any CPU.ActiveCfg = Release|Any CPU
		{214F6E24-A414-4442-9EB5-99595B85E6C0}.Release|Any CPU.Build.0 = Release|Any CPU
		{214F6E24-A414-4442-9EB5-99595B85E6C0}.Release|x64.ActiveCfg = Release|x64
		{214F6E24-A414-4442-9EB5-99595B85E6C0}.Release|x64.Build.0 = Release|x64
		{D543D6D2-9F29-493E-82DD-C5CB881EE2B9}.Debug|Any CPU.ActiveCfg = Debug|Any CPU
		{D543D6D2-9F29-493E-82DD-C5CB881EE2B9}.Debug|Any CPU.Build.0 = Debug|Any CPU
		{D543D6D2-9F29-493E-82DD-C5CB881EE2B9}.Debug|x64.ActiveCfg = Debug|Any CPU
		{D543D6D2-9F29-493E-82DD-C5CB881EE2B9}.Debug|x64.Build.0 = Debug|Any CPU
		{D543D6D2-9F29-493E-82DD-C5CB881EE2B9}.Release|Any CPU.ActiveCfg = Release|Any CPU
		{D543D6D2-9F29-493E-82DD-C5CB881EE2B9}.Release|Any CPU.Build.0 = Release|Any CPU
		{D543D6D2-9F29-493E-82DD-C5CB881EE2B9}.Release|x64.ActiveCfg = Release|x64
		{D543D6D2-9F29-493E-82DD-C5CB881EE2B9}.Release|x64.Build.0 = Release|x64
		{DB077FB0-7C2B-4360-9D6D-56138A19F9A6}.Debug|Any CPU.ActiveCfg = Debug|Any CPU
		{DB077FB0-7C2B-4360-9D6D-56138A19F9A6}.Debug|Any CPU.Build.0 = Debug|Any CPU
		{DB077FB0-7C2B-4360-9D6D-56138A19F9A6}.Debug|x64.ActiveCfg = Debug|Any CPU
		{DB077FB0-7C2B-4360-9D6D-56138A19F9A6}.Debug|x64.Build.0 = Debug|Any CPU
		{DB077FB0-7C2B-4360-9D6D-56138A19F9A6}.Release|Any CPU.ActiveCfg = Release|Any CPU
		{DB077FB0-7C2B-4360-9D6D-56138A19F9A6}.Release|Any CPU.Build.0 = Release|Any CPU
		{DB077FB0-7C2B-4360-9D6D-56138A19F9A6}.Release|x64.ActiveCfg = Release|x64
		{DB077FB0-7C2B-4360-9D6D-56138A19F9A6}.Release|x64.Build.0 = Release|x64
		{42FEBEF9-B128-40A4-AA16-6F9F75A6E3B3}.Debug|Any CPU.ActiveCfg = Debug|Any CPU
		{42FEBEF9-B128-40A4-AA16-6F9F75A6E3B3}.Debug|Any CPU.Build.0 = Debug|Any CPU
		{42FEBEF9-B128-40A4-AA16-6F9F75A6E3B3}.Debug|x64.ActiveCfg = Debug|Any CPU
		{42FEBEF9-B128-40A4-AA16-6F9F75A6E3B3}.Debug|x64.Build.0 = Debug|Any CPU
		{42FEBEF9-B128-40A4-AA16-6F9F75A6E3B3}.Release|Any CPU.ActiveCfg = Release|Any CPU
		{42FEBEF9-B128-40A4-AA16-6F9F75A6E3B3}.Release|Any CPU.Build.0 = Release|Any CPU
		{42FEBEF9-B128-40A4-AA16-6F9F75A6E3B3}.Release|x64.ActiveCfg = Release|x64
		{42FEBEF9-B128-40A4-AA16-6F9F75A6E3B3}.Release|x64.Build.0 = Release|x64
		{27226DEF-4A3C-45F9-9050-9B9A98C03DA7}.Debug|Any CPU.ActiveCfg = Debug|Any CPU
		{27226DEF-4A3C-45F9-9050-9B9A98C03DA7}.Debug|Any CPU.Build.0 = Debug|Any CPU
		{27226DEF-4A3C-45F9-9050-9B9A98C03DA7}.Debug|x64.ActiveCfg = Debug|Any CPU
		{27226DEF-4A3C-45F9-9050-9B9A98C03DA7}.Debug|x64.Build.0 = Debug|Any CPU
		{27226DEF-4A3C-45F9-9050-9B9A98C03DA7}.Release|Any CPU.ActiveCfg = Release|Any CPU
		{27226DEF-4A3C-45F9-9050-9B9A98C03DA7}.Release|Any CPU.Build.0 = Release|Any CPU
		{27226DEF-4A3C-45F9-9050-9B9A98C03DA7}.Release|x64.ActiveCfg = Release|Any CPU
		{27226DEF-4A3C-45F9-9050-9B9A98C03DA7}.Release|x64.Build.0 = Release|Any CPU
	EndGlobalSection
	GlobalSection(SolutionProperties) = preSolution
		HideSolutionNode = FALSE
	EndGlobalSection
	GlobalSection(ExtensibilityGlobals) = postSolution
		SolutionGuid = {7A734ACF-3302-4CD3-9012-8BAF4B26A879}
	EndGlobalSection
EndGlobal
